// !$*UTF8*$!
{
	archiveVersion = 1;
	classes = {
	};
	objectVersion = 56;
	objects = {

/* Begin PBXBuildFile section */
		2C808D482BFA3F7200152D4A /* NewsCustomCell.swift in Sources */ = {isa = PBXBuildFile; fileRef = 2C808D472BFA3F7200152D4A /* NewsCustomCell.swift */; };
		2C808D4A2BFA41A700152D4A /* NewsEntity.swift in Sources */ = {isa = PBXBuildFile; fileRef = 2C808D492BFA41A700152D4A /* NewsEntity.swift */; };
		2C808D4D2BFA5B5900152D4A /* FeedKit in Frameworks */ = {isa = PBXBuildFile; productRef = 2C808D4C2BFA5B5900152D4A /* FeedKit */; };
		2C9AB8572BF95B7E00206315 /* AppDelegate.swift in Sources */ = {isa = PBXBuildFile; fileRef = 2C9AB8562BF95B7E00206315 /* AppDelegate.swift */; };
		2C9AB8592BF95B7E00206315 /* SceneDelegate.swift in Sources */ = {isa = PBXBuildFile; fileRef = 2C9AB8582BF95B7E00206315 /* SceneDelegate.swift */; };
		2C9AB85B2BF95B7E00206315 /* ViewController.swift in Sources */ = {isa = PBXBuildFile; fileRef = 2C9AB85A2BF95B7E00206315 /* ViewController.swift */; };
		2C9AB85E2BF95B7E00206315 /* Base in Resources */ = {isa = PBXBuildFile; fileRef = 2C9AB85D2BF95B7E00206315 /* Base */; };
		2C9AB8612BF95B7E00206315 /* RssReader.xcdatamodeld in Sources */ = {isa = PBXBuildFile; fileRef = 2C9AB85F2BF95B7E00206315 /* RssReader.xcdatamodeld */; };
		2C9AB8632BF95B7F00206315 /* Assets.xcassets in Resources */ = {isa = PBXBuildFile; fileRef = 2C9AB8622BF95B7F00206315 /* Assets.xcassets */; };
		2C9AB8662BF95B7F00206315 /* Base in Resources */ = {isa = PBXBuildFile; fileRef = 2C9AB8652BF95B7F00206315 /* Base */; };
		2CB5DDC72BFA9F3E0033C6DC /* NewsDetailViewController.swift in Sources */ = {isa = PBXBuildFile; fileRef = 2CB5DDC62BFA9F3E0033C6DC /* NewsDetailViewController.swift */; };
/* End PBXBuildFile section */

/* Begin PBXFileReference section */
		2C808D472BFA3F7200152D4A /* NewsCustomCell.swift */ = {isa = PBXFileReference; lastKnownFileType = sourcecode.swift; path = NewsCustomCell.swift; sourceTree = "<group>"; };
		2C808D492BFA41A700152D4A /* NewsEntity.swift */ = {isa = PBXFileReference; lastKnownFileType = sourcecode.swift; path = NewsEntity.swift; sourceTree = "<group>"; };
		2C9AB8532BF95B7E00206315 /* RssReader.app */ = {isa = PBXFileReference; explicitFileType = wrapper.application; includeInIndex = 0; path = RssReader.app; sourceTree = BUILT_PRODUCTS_DIR; };
		2C9AB8562BF95B7E00206315 /* AppDelegate.swift */ = {isa = PBXFileReference; lastKnownFileType = sourcecode.swift; path = AppDelegate.swift; sourceTree = "<group>"; };
		2C9AB8582BF95B7E00206315 /* SceneDelegate.swift */ = {isa = PBXFileReference; lastKnownFileType = sourcecode.swift; path = SceneDelegate.swift; sourceTree = "<group>"; };
		2C9AB85A2BF95B7E00206315 /* ViewController.swift */ = {isa = PBXFileReference; lastKnownFileType = sourcecode.swift; path = ViewController.swift; sourceTree = "<group>"; };
		2C9AB85D2BF95B7E00206315 /* Base */ = {isa = PBXFileReference; lastKnownFileType = file.storyboard; name = Base; path = Base.lproj/Main.storyboard; sourceTree = "<group>"; };
		2C9AB8602BF95B7E00206315 /* RssReader.xcdatamodel */ = {isa = PBXFileReference; lastKnownFileType = wrapper.xcdatamodel; path = RssReader.xcdatamodel; sourceTree = "<group>"; };
		2C9AB8622BF95B7F00206315 /* Assets.xcassets */ = {isa = PBXFileReference; lastKnownFileType = folder.assetcatalog; path = Assets.xcassets; sourceTree = "<group>"; };
		2C9AB8652BF95B7F00206315 /* Base */ = {isa = PBXFileReference; lastKnownFileType = file.storyboard; name = Base; path = Base.lproj/LaunchScreen.storyboard; sourceTree = "<group>"; };
		2C9AB8672BF95B7F00206315 /* Info.plist */ = {isa = PBXFileReference; lastKnownFileType = text.plist.xml; path = Info.plist; sourceTree = "<group>"; };
		2CB5DDC62BFA9F3E0033C6DC /* NewsDetailViewController.swift */ = {isa = PBXFileReference; lastKnownFileType = sourcecode.swift; path = NewsDetailViewController.swift; sourceTree = "<group>"; };
/* End PBXFileReference section */

/* Begin PBXFrameworksBuildPhase section */
		2C9AB8502BF95B7E00206315 /* Frameworks */ = {
			isa = PBXFrameworksBuildPhase;
			buildActionMask = 2147483647;
			files = (
				2C808D4D2BFA5B5900152D4A /* FeedKit in Frameworks */,
			);
			runOnlyForDeploymentPostprocessing = 0;
		};
/* End PBXFrameworksBuildPhase section */

/* Begin PBXGroup section */
		2C9AB84A2BF95B7E00206315 = {
			isa = PBXGroup;
			children = (
				2C9AB8552BF95B7E00206315 /* RssReader */,
				2C9AB8542BF95B7E00206315 /* Products */,
			);
			sourceTree = "<group>";
		};
		2C9AB8542BF95B7E00206315 /* Products */ = {
			isa = PBXGroup;
			children = (
				2C9AB8532BF95B7E00206315 /* RssReader.app */,
			);
			name = Products;
			sourceTree = "<group>";
		};
		2C9AB8552BF95B7E00206315 /* RssReader */ = {
			isa = PBXGroup;
			children = (
				2C9AB8562BF95B7E00206315 /* AppDelegate.swift */,
				2C9AB8582BF95B7E00206315 /* SceneDelegate.swift */,
				2C9AB85A2BF95B7E00206315 /* ViewController.swift */,
				2C808D472BFA3F7200152D4A /* NewsCustomCell.swift */,
				2C808D492BFA41A700152D4A /* NewsEntity.swift */,
				2CB5DDC62BFA9F3E0033C6DC /* NewsDetailViewController.swift */,
				2C9AB85C2BF95B7E00206315 /* Main.storyboard */,
				2C9AB8622BF95B7F00206315 /* Assets.xcassets */,
				2C9AB8642BF95B7F00206315 /* LaunchScreen.storyboard */,
				2C9AB8672BF95B7F00206315 /* Info.plist */,
				2C9AB85F2BF95B7E00206315 /* RssReader.xcdatamodeld */,
			);
			path = RssReader;
			sourceTree = "<group>";
		};
/* End PBXGroup section */

/* Begin PBXNativeTarget section */
		2C9AB8522BF95B7E00206315 /* RssReader */ = {
			isa = PBXNativeTarget;
			buildConfigurationList = 2C9AB86A2BF95B7F00206315 /* Build configuration list for PBXNativeTarget "RssReader" */;
			buildPhases = (
				2C9AB84F2BF95B7E00206315 /* Sources */,
				2C9AB8502BF95B7E00206315 /* Frameworks */,
				2C9AB8512BF95B7E00206315 /* Resources */,
			);
			buildRules = (
			);
			dependencies = (
			);
			name = RssReader;
			packageProductDependencies = (
				2C808D4C2BFA5B5900152D4A /* FeedKit */,
			);
			productName = RssReader;
			productReference = 2C9AB8532BF95B7E00206315 /* RssReader.app */;
			productType = "com.apple.product-type.application";
		};
/* End PBXNativeTarget section */

/* Begin PBXProject section */
		2C9AB84B2BF95B7E00206315 /* Project object */ = {
			isa = PBXProject;
			attributes = {
				BuildIndependentTargetsInParallel = 1;
				LastSwiftUpdateCheck = 1530;
				LastUpgradeCheck = 1530;
				TargetAttributes = {
					2C9AB8522BF95B7E00206315 = {
						CreatedOnToolsVersion = 15.3;
					};
				};
			};
			buildConfigurationList = 2C9AB84E2BF95B7E00206315 /* Build configuration list for PBXProject "RssReader" */;
			compatibilityVersion = "Xcode 14.0";
			developmentRegion = en;
			hasScannedForEncodings = 0;
			knownRegions = (
				en,
				Base,
			);
			mainGroup = 2C9AB84A2BF95B7E00206315;
			packageReferences = (
				2C808D4B2BFA5B5900152D4A /* XCRemoteSwiftPackageReference "FeedKit" */,
			);
			productRefGroup = 2C9AB8542BF95B7E00206315 /* Products */;
			projectDirPath = "";
			projectRoot = "";
			targets = (
				2C9AB8522BF95B7E00206315 /* RssReader */,
			);
		};
/* End PBXProject section */

/* Begin PBXResourcesBuildPhase section */
		2C9AB8512BF95B7E00206315 /* Resources */ = {
			isa = PBXResourcesBuildPhase;
			buildActionMask = 2147483647;
			files = (
				2C9AB8632BF95B7F00206315 /* Assets.xcassets in Resources */,
				2C9AB8662BF95B7F00206315 /* Base in Resources */,
				2C9AB85E2BF95B7E00206315 /* Base in Resources */,
			);
			runOnlyForDeploymentPostprocessing = 0;
		};
/* End PBXResourcesBuildPhase section */

/* Begin PBXSourcesBuildPhase section */
		2C9AB84F2BF95B7E00206315 /* Sources */ = {
			isa = PBXSourcesBuildPhase;
			buildActionMask = 2147483647;
			files = (
				2C808D482BFA3F7200152D4A /* NewsCustomCell.swift in Sources */,
				2C808D4A2BFA41A700152D4A /* NewsEntity.swift in Sources */,
				2C9AB85B2BF95B7E00206315 /* ViewController.swift in Sources */,
				2CB5DDC72BFA9F3E0033C6DC /* NewsDetailViewController.swift in Sources */,
				2C9AB8612BF95B7E00206315 /* RssReader.xcdatamodeld in Sources */,
				2C9AB8572BF95B7E00206315 /* AppDelegate.swift in Sources */,
				2C9AB8592BF95B7E00206315 /* SceneDelegate.swift in Sources */,
			);
			runOnlyForDeploymentPostprocessing = 0;
		};
/* End PBXSourcesBuildPhase section */

/* Begin PBXVariantGroup section */
		2C9AB85C2BF95B7E00206315 /* Main.storyboard */ = {
			isa = PBXVariantGroup;
			children = (
				2C9AB85D2BF95B7E00206315 /* Base */,
			);
			name = Main.storyboard;
			sourceTree = "<group>";
		};
		2C9AB8642BF95B7F00206315 /* LaunchScreen.storyboard */ = {
			isa = PBXVariantGroup;
			children = (
				2C9AB8652BF95B7F00206315 /* Base */,
			);
			name = LaunchScreen.storyboard;
			sourceTree = "<group>";
		};
/* End PBXVariantGroup section */

/* Begin XCBuildConfiguration section */
		2C9AB8682BF95B7F00206315 /* Debug */ = {
			isa = XCBuildConfiguration;
			buildSettings = {
				ALWAYS_SEARCH_USER_PATHS = NO;
				ASSETCATALOG_COMPILER_GENERATE_SWIFT_ASSET_SYMBOL_EXTENSIONS = YES;
				CLANG_ANALYZER_NONNULL = YES;
				CLANG_ANALYZER_NUMBER_OBJECT_CONVERSION = YES_AGGRESSIVE;
				CLANG_CXX_LANGUAGE_STANDARD = "gnu++20";
				CLANG_ENABLE_MODULES = YES;
				CLANG_ENABLE_OBJC_ARC = YES;
				CLANG_ENABLE_OBJC_WEAK = YES;
				CLANG_WARN_BLOCK_CAPTURE_AUTORELEASING = YES;
				CLANG_WARN_BOOL_CONVERSION = YES;
				CLANG_WARN_COMMA = YES;
				CLANG_WARN_CONSTANT_CONVERSION = YES;
				CLANG_WARN_DEPRECATED_OBJC_IMPLEMENTATIONS = YES;
				CLANG_WARN_DIRECT_OBJC_ISA_USAGE = YES_ERROR;
				CLANG_WARN_DOCUMENTATION_COMMENTS = YES;
				CLANG_WARN_EMPTY_BODY = YES;
				CLANG_WARN_ENUM_CONVERSION = YES;
				CLANG_WARN_INFINITE_RECURSION = YES;
				CLANG_WARN_INT_CONVERSION = YES;
				CLANG_WARN_NON_LITERAL_NULL_CONVERSION = YES;
				CLANG_WARN_OBJC_IMPLICIT_RETAIN_SELF = YES;
				CLANG_WARN_OBJC_LITERAL_CONVERSION = YES;
				CLANG_WARN_OBJC_ROOT_CLASS = YES_ERROR;
				CLANG_WARN_QUOTED_INCLUDE_IN_FRAMEWORK_HEADER = YES;
				CLANG_WARN_RANGE_LOOP_ANALYSIS = YES;
				CLANG_WARN_STRICT_PROTOTYPES = YES;
				CLANG_WARN_SUSPICIOUS_MOVE = YES;
				CLANG_WARN_UNGUARDED_AVAILABILITY = YES_AGGRESSIVE;
				CLANG_WARN_UNREACHABLE_CODE = YES;
				CLANG_WARN__DUPLICATE_METHOD_MATCH = YES;
				COPY_PHASE_STRIP = NO;
				DEBUG_INFORMATION_FORMAT = dwarf;
				ENABLE_STRICT_OBJC_MSGSEND = YES;
				ENABLE_TESTABILITY = YES;
				ENABLE_USER_SCRIPT_SANDBOXING = YES;
				GCC_C_LANGUAGE_STANDARD = gnu17;
				GCC_DYNAMIC_NO_PIC = NO;
				GCC_NO_COMMON_BLOCKS = YES;
				GCC_OPTIMIZATION_LEVEL = 0;
				GCC_PREPROCESSOR_DEFINITIONS = (
					"DEBUG=1",
					"$(inherited)",
				);
				GCC_WARN_64_TO_32_BIT_CONVERSION = YES;
				GCC_WARN_ABOUT_RETURN_TYPE = YES_ERROR;
				GCC_WARN_UNDECLARED_SELECTOR = YES;
				GCC_WARN_UNINITIALIZED_AUTOS = YES_AGGRESSIVE;
				GCC_WARN_UNUSED_FUNCTION = YES;
				GCC_WARN_UNUSED_VARIABLE = YES;
				IPHONEOS_DEPLOYMENT_TARGET = 17.4;
				LOCALIZATION_PREFERS_STRING_CATALOGS = YES;
				MTL_ENABLE_DEBUG_INFO = INCLUDE_SOURCE;
				MTL_FAST_MATH = YES;
				ONLY_ACTIVE_ARCH = YES;
				SDKROOT = iphoneos;
				SWIFT_ACTIVE_COMPILATION_CONDITIONS = "DEBUG $(inherited)";
				SWIFT_OPTIMIZATION_LEVEL = "-Onone";
			};
			name = Debug;
		};
		2C9AB8692BF95B7F00206315 /* Release */ = {
			isa = XCBuildConfiguration;
			buildSettings = {
				ALWAYS_SEARCH_USER_PATHS = NO;
				ASSETCATALOG_COMPILER_GENERATE_SWIFT_ASSET_SYMBOL_EXTENSIONS = YES;
				CLANG_ANALYZER_NONNULL = YES;
				CLANG_ANALYZER_NUMBER_OBJECT_CONVERSION = YES_AGGRESSIVE;
				CLANG_CXX_LANGUAGE_STANDARD = "gnu++20";
				CLANG_ENABLE_MODULES = YES;
				CLANG_ENABLE_OBJC_ARC = YES;
				CLANG_ENABLE_OBJC_WEAK = YES;
				CLANG_WARN_BLOCK_CAPTURE_AUTORELEASING = YES;
				CLANG_WARN_BOOL_CONVERSION = YES;
				CLANG_WARN_COMMA = YES;
				CLANG_WARN_CONSTANT_CONVERSION = YES;
				CLANG_WARN_DEPRECATED_OBJC_IMPLEMENTATIONS = YES;
				CLANG_WARN_DIRECT_OBJC_ISA_USAGE = YES_ERROR;
				CLANG_WARN_DOCUMENTATION_COMMENTS = YES;
				CLANG_WARN_EMPTY_BODY = YES;
				CLANG_WARN_ENUM_CONVERSION = YES;
				CLANG_WARN_INFINITE_RECURSION = YES;
				CLANG_WARN_INT_CONVERSION = YES;
				CLANG_WARN_NON_LITERAL_NULL_CONVERSION = YES;
				CLANG_WARN_OBJC_IMPLICIT_RETAIN_SELF = YES;
				CLANG_WARN_OBJC_LITERAL_CONVERSION = YES;
				CLANG_WARN_OBJC_ROOT_CLASS = YES_ERROR;
				CLANG_WARN_QUOTED_INCLUDE_IN_FRAMEWORK_HEADER = YES;
				CLANG_WARN_RANGE_LOOP_ANALYSIS = YES;
				CLANG_WARN_STRICT_PROTOTYPES = YES;
				CLANG_WARN_SUSPICIOUS_MOVE = YES;
				CLANG_WARN_UNGUARDED_AVAILABILITY = YES_AGGRESSIVE;
				CLANG_WARN_UNREACHABLE_CODE = YES;
				CLANG_WARN__DUPLICATE_METHOD_MATCH = YES;
				COPY_PHASE_STRIP = NO;
				DEBUG_INFORMATION_FORMAT = "dwarf-with-dsym";
				ENABLE_NS_ASSERTIONS = NO;
				ENABLE_STRICT_OBJC_MSGSEND = YES;
				ENABLE_USER_SCRIPT_SANDBOXING = YES;
				GCC_C_LANGUAGE_STANDARD = gnu17;
				GCC_NO_COMMON_BLOCKS = YES;
				GCC_WARN_64_TO_32_BIT_CONVERSION = YES;
				GCC_WARN_ABOUT_RETURN_TYPE = YES_ERROR;
				GCC_WARN_UNDECLARED_SELECTOR = YES;
				GCC_WARN_UNINITIALIZED_AUTOS = YES_AGGRESSIVE;
				GCC_WARN_UNUSED_FUNCTION = YES;
				GCC_WARN_UNUSED_VARIABLE = YES;
				IPHONEOS_DEPLOYMENT_TARGET = 17.4;
				LOCALIZATION_PREFERS_STRING_CATALOGS = YES;
				MTL_ENABLE_DEBUG_INFO = NO;
				MTL_FAST_MATH = YES;
				SDKROOT = iphoneos;
				SWIFT_COMPILATION_MODE = wholemodule;
				VALIDATE_PRODUCT = YES;
			};
			name = Release;
		};
		2C9AB86B2BF95B7F00206315 /* Debug */ = {
			isa = XCBuildConfiguration;
			buildSettings = {
				ASSETCATALOG_COMPILER_APPICON_NAME = AppIcon;
				ASSETCATALOG_COMPILER_GLOBAL_ACCENT_COLOR_NAME = AccentColor;
				CODE_SIGN_STYLE = Automatic;
				CURRENT_PROJECT_VERSION = 1;
				GENERATE_INFOPLIST_FILE = YES;
				INFOPLIST_FILE = RssReader/Info.plist;
				INFOPLIST_KEY_UIApplicationSupportsIndirectInputEvents = YES;
				INFOPLIST_KEY_UILaunchStoryboardName = LaunchScreen;
				INFOPLIST_KEY_UIMainStoryboardFile = Main;
				INFOPLIST_KEY_UISupportedInterfaceOrientations_iPad = "UIInterfaceOrientationPortrait UIInterfaceOrientationPortraitUpsideDown UIInterfaceOrientationLandscapeLeft UIInterfaceOrientationLandscapeRight";
				INFOPLIST_KEY_UISupportedInterfaceOrientations_iPhone = "UIInterfaceOrientationPortrait UIInterfaceOrientationLandscapeLeft UIInterfaceOrientationLandscapeRight";
				LD_RUNPATH_SEARCH_PATHS = (
					"$(inherited)",
					"@executable_path/Frameworks",
				);
				MARKETING_VERSION = 1.0;
				PRODUCT_BUNDLE_IDENTIFIER = com.irfanduman.RssReader;
				PRODUCT_NAME = "$(TARGET_NAME)";
				SWIFT_EMIT_LOC_STRINGS = YES;
				SWIFT_VERSION = 5.0;
				TARGETED_DEVICE_FAMILY = "1,2";
			};
			name = Debug;
		};
		2C9AB86C2BF95B7F00206315 /* Release */ = {
			isa = XCBuildConfiguration;
			buildSettings = {
				ASSETCATALOG_COMPILER_APPICON_NAME = AppIcon;
				ASSETCATALOG_COMPILER_GLOBAL_ACCENT_COLOR_NAME = AccentColor;
				CODE_SIGN_STYLE = Automatic;
				CURRENT_PROJECT_VERSION = 1;
				GENERATE_INFOPLIST_FILE = YES;
				INFOPLIST_FILE = RssReader/Info.plist;
				INFOPLIST_KEY_UIApplicationSupportsIndirectInputEvents = YES;
				INFOPLIST_KEY_UILaunchStoryboardName = LaunchScreen;
				INFOPLIST_KEY_UIMainStoryboardFile = Main;
				INFOPLIST_KEY_UISupportedInterfaceOrientations_iPad = "UIInterfaceOrientationPortrait UIInterfaceOrientationPortraitUpsideDown UIInterfaceOrientationLandscapeLeft UIInterfaceOrientationLandscapeRight";
				INFOPLIST_KEY_UISupportedInterfaceOrientations_iPhone = "UIInterfaceOrientationPortrait UIInterfaceOrientationLandscapeLeft UIInterfaceOrientationLandscapeRight";
				LD_RUNPATH_SEARCH_PATHS = (
					"$(inherited)",
					"@executable_path/Frameworks",
				);
				MARKETING_VERSION = 1.0;
				PRODUCT_BUNDLE_IDENTIFIER = com.irfanduman.RssReader;
				PRODUCT_NAME = "$(TARGET_NAME)";
				SWIFT_EMIT_LOC_STRINGS = YES;
				SWIFT_VERSION = 5.0;
				TARGETED_DEVICE_FAMILY = "1,2";
			};
			name = Release;
		};
/* End XCBuildConfiguration section */

/* Begin XCConfigurationList section */
		2C9AB84E2BF95B7E00206315 /* Build configuration list for PBXProject "RssReader" */ = {
			isa = XCConfigurationList;
			buildConfigurations = (
				2C9AB8682BF95B7F00206315 /* Debug */,
				2C9AB8692BF95B7F00206315 /* Release */,
			);
			defaultConfigurationIsVisible = 0;
			defaultConfigurationName = Release;
		};
		2C9AB86A2BF95B7F00206315 /* Build configuration list for PBXNativeTarget "RssReader" */ = {
			isa = XCConfigurationList;
			buildConfigurations = (
				2C9AB86B2BF95B7F00206315 /* Debug */,
				2C9AB86C2BF95B7F00206315 /* Release */,
			);
			defaultConfigurationIsVisible = 0;
			defaultConfigurationName = Release;
		};
/* End XCConfigurationList section */

/* Begin XCRemoteSwiftPackageReference section */
		2C808D4B2BFA5B5900152D4A /* XCRemoteSwiftPackageReference "FeedKit" */ = {
			isa = XCRemoteSwiftPackageReference;
			repositoryURL = "https://github.com/nmdias/FeedKit.git";
			requirement = {
				kind = upToNextMajorVersion;
				minimumVersion = 9.1.2;
			};
		};
/* End XCRemoteSwiftPackageReference section */

/* Begin XCSwiftPackageProductDependency section */
		2C808D4C2BFA5B5900152D4A /* FeedKit */ = {
			isa = XCSwiftPackageProductDependency;
			package = 2C808D4B2BFA5B5900152D4A /* XCRemoteSwiftPackageReference "FeedKit" */;
			productName = FeedKit;
		};
/* End XCSwiftPackageProductDependency section */

/* Begin XCVersionGroup section */
		2C9AB85F2BF95B7E00206315 /* RssReader.xcdatamodeld */ = {
			isa = XCVersionGroup;
			children = (
				2C9AB8602BF95B7E00206315 /* RssReader.xcdatamodel */,
			);
			currentVersion = 2C9AB8602BF95B7E00206315 /* RssReader.xcdatamodel */;
			path = RssReader.xcdatamodeld;
			sourceTree = "<group>";
			versionGroupType = wrapper.xcdatamodel;
		};
/* End XCVersionGroup section */
	};
	rootObject = 2C9AB84B2BF95B7E00206315 /* Project object */;
}
